// !$*UTF8*$!
{
	archiveVersion = 1;
	classes = {
	};
	objectVersion = 50;
	objects = {

/* Begin PBXBuildFile section */
		63101D54213B4CB400E33692 /* AppDelegate.swift in Sources */ = {isa = PBXBuildFile; fileRef = 63101D53213B4CB400E33692 /* AppDelegate.swift */; };
		63101D59213B4CB400E33692 /* Main.storyboard in Resources */ = {isa = PBXBuildFile; fileRef = 63101D57213B4CB400E33692 /* Main.storyboard */; };
		63101D5B213B4CB600E33692 /* Assets.xcassets in Resources */ = {isa = PBXBuildFile; fileRef = 63101D5A213B4CB600E33692 /* Assets.xcassets */; };
		63101D5E213B4CB600E33692 /* LaunchScreen.storyboard in Resources */ = {isa = PBXBuildFile; fileRef = 63101D5C213B4CB600E33692 /* LaunchScreen.storyboard */; };
		63101D69213B4CB600E33692 /* FlixTests.swift in Sources */ = {isa = PBXBuildFile; fileRef = 63101D68213B4CB600E33692 /* FlixTests.swift */; };
		63101D74213B4CB700E33692 /* FlixUITests.swift in Sources */ = {isa = PBXBuildFile; fileRef = 63101D73213B4CB700E33692 /* FlixUITests.swift */; };
		63101D84213C635900E33692 /* NowPlayingViewController.swift in Sources */ = {isa = PBXBuildFile; fileRef = 63101D83213C635900E33692 /* NowPlayingViewController.swift */; };
		63101D86213D0D3600E33692 /* MovieCell.swift in Sources */ = {isa = PBXBuildFile; fileRef = 63101D85213D0D3600E33692 /* MovieCell.swift */; };
		63106C5821483100000A8C02 /* PosterCell.swift in Sources */ = {isa = PBXBuildFile; fileRef = 63106C5721483100000A8C02 /* PosterCell.swift */; };
		63106C5A2148316C000A8C02 /* SuperheroViewController.swift in Sources */ = {isa = PBXBuildFile; fileRef = 63106C592148316C000A8C02 /* SuperheroViewController.swift */; };
		6315EA59216E787500883013 /* Movie.swift in Sources */ = {isa = PBXBuildFile; fileRef = 6315EA58216E787500883013 /* Movie.swift */; };
		6315EA5B216E7AF800883013 /* MovieApiManager.swift in Sources */ = {isa = PBXBuildFile; fileRef = 6315EA5A216E7AF800883013 /* MovieApiManager.swift */; };
		63E8329E21A33C2300B7C30B /* LoginViewController.swift in Sources */ = {isa = PBXBuildFile; fileRef = 63E8329D21A33C2300B7C30B /* LoginViewController.swift */; };
		63E832DA21A7EA2600B7C30B /* FandangoViewController.swift in Sources */ = {isa = PBXBuildFile; fileRef = 63E832D921A7EA2600B7C30B /* FandangoViewController.swift */; };
		63E8776D21475B2F0068755C /* DetailViewController.swift in Sources */ = {isa = PBXBuildFile; fileRef = 63E8776C21475B2F0068755C /* DetailViewController.swift */; };
		9136AF92863A7F8D4CE2A081 /* Pods_FlixTests.framework in Frameworks */ = {isa = PBXBuildFile; fileRef = E3C59D2BC229E0C0D35A87A1 /* Pods_FlixTests.framework */; };
		D38CE82A85E4DDEC3ECBB8FC /* Pods_FlixUITests.framework in Frameworks */ = {isa = PBXBuildFile; fileRef = C6E920C3298277967A7040FB /* Pods_FlixUITests.framework */; };
		E49214FFBF9BB58CAAD0204D /* Pods_Flix.framework in Frameworks */ = {isa = PBXBuildFile; fileRef = 9F080649268E39708BCCD960 /* Pods_Flix.framework */; };
/* End PBXBuildFile section */

/* Begin PBXContainerItemProxy section */
		63101D65213B4CB600E33692 /* PBXContainerItemProxy */ = {
			isa = PBXContainerItemProxy;
			containerPortal = 63101D48213B4CB400E33692 /* Project object */;
			proxyType = 1;
			remoteGlobalIDString = 63101D4F213B4CB400E33692;
			remoteInfo = Flix;
		};
		63101D70213B4CB700E33692 /* PBXContainerItemProxy */ = {
			isa = PBXContainerItemProxy;
			containerPortal = 63101D48213B4CB400E33692 /* Project object */;
			proxyType = 1;
			remoteGlobalIDString = 63101D4F213B4CB400E33692;
			remoteInfo = Flix;
		};
/* End PBXContainerItemProxy section */

/* Begin PBXFileReference section */
		10DAD5BC6B150FC067AA7F7A /* Pods-FlixTests.debug.xcconfig */ = {isa = PBXFileReference; includeInIndex = 1; lastKnownFileType = text.xcconfig; name = "Pods-FlixTests.debug.xcconfig"; path = "Pods/Target Support Files/Pods-FlixTests/Pods-FlixTests.debug.xcconfig"; sourceTree = "<group>"; };
		130FEBA64E8C6207A0A50B8A /* Pods-FlixUITests.release.xcconfig */ = {isa = PBXFileReference; includeInIndex = 1; lastKnownFileType = text.xcconfig; name = "Pods-FlixUITests.release.xcconfig"; path = "Pods/Target Support Files/Pods-FlixUITests/Pods-FlixUITests.release.xcconfig"; sourceTree = "<group>"; };
		198ABED918CC643DC6C8E6D6 /* Pods-Flix.debug.xcconfig */ = {isa = PBXFileReference; includeInIndex = 1; lastKnownFileType = text.xcconfig; name = "Pods-Flix.debug.xcconfig"; path = "Pods/Target Support Files/Pods-Flix/Pods-Flix.debug.xcconfig"; sourceTree = "<group>"; };
		3C5ADB95A44690F171D6043B /* Pods-FlixUITests.debug.xcconfig */ = {isa = PBXFileReference; includeInIndex = 1; lastKnownFileType = text.xcconfig; name = "Pods-FlixUITests.debug.xcconfig"; path = "Pods/Target Support Files/Pods-FlixUITests/Pods-FlixUITests.debug.xcconfig"; sourceTree = "<group>"; };
		63101D50213B4CB400E33692 /* Flix.app */ = {isa = PBXFileReference; explicitFileType = wrapper.application; includeInIndex = 0; path = Flix.app; sourceTree = BUILT_PRODUCTS_DIR; };
		63101D53213B4CB400E33692 /* AppDelegate.swift */ = {isa = PBXFileReference; lastKnownFileType = sourcecode.swift; path = AppDelegate.swift; sourceTree = "<group>"; };
		63101D58213B4CB400E33692 /* Base */ = {isa = PBXFileReference; lastKnownFileType = file.storyboard; name = Base; path = Base.lproj/Main.storyboard; sourceTree = "<group>"; };
		63101D5A213B4CB600E33692 /* Assets.xcassets */ = {isa = PBXFileReference; lastKnownFileType = folder.assetcatalog; path = Assets.xcassets; sourceTree = "<group>"; };
		63101D5D213B4CB600E33692 /* Base */ = {isa = PBXFileReference; lastKnownFileType = file.storyboard; name = Base; path = Base.lproj/LaunchScreen.storyboard; sourceTree = "<group>"; };
		63101D5F213B4CB600E33692 /* Info.plist */ = {isa = PBXFileReference; lastKnownFileType = text.plist.xml; path = Info.plist; sourceTree = "<group>"; };
		63101D64213B4CB600E33692 /* FlixTests.xctest */ = {isa = PBXFileReference; explicitFileType = wrapper.cfbundle; includeInIndex = 0; path = FlixTests.xctest; sourceTree = BUILT_PRODUCTS_DIR; };
		63101D68213B4CB600E33692 /* FlixTests.swift */ = {isa = PBXFileReference; lastKnownFileType = sourcecode.swift; path = FlixTests.swift; sourceTree = "<group>"; };
		63101D6A213B4CB600E33692 /* Info.plist */ = {isa = PBXFileReference; lastKnownFileType = text.plist.xml; path = Info.plist; sourceTree = "<group>"; };
		63101D6F213B4CB700E33692 /* FlixUITests.xctest */ = {isa = PBXFileReference; explicitFileType = wrapper.cfbundle; includeInIndex = 0; path = FlixUITests.xctest; sourceTree = BUILT_PRODUCTS_DIR; };
		63101D73213B4CB700E33692 /* FlixUITests.swift */ = {isa = PBXFileReference; lastKnownFileType = sourcecode.swift; path = FlixUITests.swift; sourceTree = "<group>"; };
		63101D75213B4CB700E33692 /* Info.plist */ = {isa = PBXFileReference; lastKnownFileType = text.plist.xml; path = Info.plist; sourceTree = "<group>"; };
		63101D83213C635900E33692 /* NowPlayingViewController.swift */ = {isa = PBXFileReference; lastKnownFileType = sourcecode.swift; path = NowPlayingViewController.swift; sourceTree = "<group>"; };
		63101D85213D0D3600E33692 /* MovieCell.swift */ = {isa = PBXFileReference; lastKnownFileType = sourcecode.swift; path = MovieCell.swift; sourceTree = "<group>"; };
		63106C5721483100000A8C02 /* PosterCell.swift */ = {isa = PBXFileReference; lastKnownFileType = sourcecode.swift; path = PosterCell.swift; sourceTree = "<group>"; };
		63106C592148316C000A8C02 /* SuperheroViewController.swift */ = {isa = PBXFileReference; lastKnownFileType = sourcecode.swift; path = SuperheroViewController.swift; sourceTree = "<group>"; };
		6315EA58216E787500883013 /* Movie.swift */ = {isa = PBXFileReference; lastKnownFileType = sourcecode.swift; path = Movie.swift; sourceTree = "<group>"; };
		6315EA5A216E7AF800883013 /* MovieApiManager.swift */ = {isa = PBXFileReference; lastKnownFileType = sourcecode.swift; path = MovieApiManager.swift; sourceTree = "<group>"; };
		63E8329D21A33C2300B7C30B /* LoginViewController.swift */ = {isa = PBXFileReference; lastKnownFileType = sourcecode.swift; path = LoginViewController.swift; sourceTree = "<group>"; };
		63E832D921A7EA2600B7C30B /* FandangoViewController.swift */ = {isa = PBXFileReference; lastKnownFileType = sourcecode.swift; path = FandangoViewController.swift; sourceTree = "<group>"; };
		63E8776C21475B2F0068755C /* DetailViewController.swift */ = {isa = PBXFileReference; lastKnownFileType = sourcecode.swift; path = DetailViewController.swift; sourceTree = "<group>"; };
		671F8FACEF0F8617F44CFAF9 /* Pods-FlixTests.release.xcconfig */ = {isa = PBXFileReference; includeInIndex = 1; lastKnownFileType = text.xcconfig; name = "Pods-FlixTests.release.xcconfig"; path = "Pods/Target Support Files/Pods-FlixTests/Pods-FlixTests.release.xcconfig"; sourceTree = "<group>"; };
		9F080649268E39708BCCD960 /* Pods_Flix.framework */ = {isa = PBXFileReference; explicitFileType = wrapper.framework; includeInIndex = 0; path = Pods_Flix.framework; sourceTree = BUILT_PRODUCTS_DIR; };
		C6E920C3298277967A7040FB /* Pods_FlixUITests.framework */ = {isa = PBXFileReference; explicitFileType = wrapper.framework; includeInIndex = 0; path = Pods_FlixUITests.framework; sourceTree = BUILT_PRODUCTS_DIR; };
		D687C5D3E1C3CBAA7693BE11 /* Pods-Flix.release.xcconfig */ = {isa = PBXFileReference; includeInIndex = 1; lastKnownFileType = text.xcconfig; name = "Pods-Flix.release.xcconfig"; path = "Pods/Target Support Files/Pods-Flix/Pods-Flix.release.xcconfig"; sourceTree = "<group>"; };
		E3C59D2BC229E0C0D35A87A1 /* Pods_FlixTests.framework */ = {isa = PBXFileReference; explicitFileType = wrapper.framework; includeInIndex = 0; path = Pods_FlixTests.framework; sourceTree = BUILT_PRODUCTS_DIR; };
/* End PBXFileReference section */

/* Begin PBXFrameworksBuildPhase section */
		63101D4D213B4CB400E33692 /* Frameworks */ = {
			isa = PBXFrameworksBuildPhase;
			buildActionMask = 2147483647;
			files = (
				E49214FFBF9BB58CAAD0204D /* Pods_Flix.framework in Frameworks */,
			);
			runOnlyForDeploymentPostprocessing = 0;
		};
		63101D61213B4CB600E33692 /* Frameworks */ = {
			isa = PBXFrameworksBuildPhase;
			buildActionMask = 2147483647;
			files = (
				9136AF92863A7F8D4CE2A081 /* Pods_FlixTests.framework in Frameworks */,
			);
			runOnlyForDeploymentPostprocessing = 0;
		};
		63101D6C213B4CB700E33692 /* Frameworks */ = {
			isa = PBXFrameworksBuildPhase;
			buildActionMask = 2147483647;
			files = (
				D38CE82A85E4DDEC3ECBB8FC /* Pods_FlixUITests.framework in Frameworks */,
			);
			runOnlyForDeploymentPostprocessing = 0;
		};
/* End PBXFrameworksBuildPhase section */

/* Begin PBXGroup section */
		61C90E1F58AEECEAC2A28537 /* Frameworks */ = {
			isa = PBXGroup;
			children = (
				9F080649268E39708BCCD960 /* Pods_Flix.framework */,
				E3C59D2BC229E0C0D35A87A1 /* Pods_FlixTests.framework */,
				C6E920C3298277967A7040FB /* Pods_FlixUITests.framework */,
			);
			name = Frameworks;
			sourceTree = "<group>";
		};
		63101D47213B4CB400E33692 = {
			isa = PBXGroup;
			children = (
				63101D52213B4CB400E33692 /* Flix */,
				63101D67213B4CB600E33692 /* FlixTests */,
				63101D72213B4CB700E33692 /* FlixUITests */,
				63101D51213B4CB400E33692 /* Products */,
				D5BE050771E9CC4ABFEE3131 /* Pods */,
				61C90E1F58AEECEAC2A28537 /* Frameworks */,
			);
			sourceTree = "<group>";
		};
		63101D51213B4CB400E33692 /* Products */ = {
			isa = PBXGroup;
			children = (
				63101D50213B4CB400E33692 /* Flix.app */,
				63101D64213B4CB600E33692 /* FlixTests.xctest */,
				63101D6F213B4CB700E33692 /* FlixUITests.xctest */,
			);
			name = Products;
			sourceTree = "<group>";
		};
		63101D52213B4CB400E33692 /* Flix */ = {
			isa = PBXGroup;
			children = (
				6315EA57216E786400883013 /* Classes */,
				63E8776B21475AEB0068755C /* Views */,
				63E8776A21475ADE0068755C /* ViewControllers */,
				63101D53213B4CB400E33692 /* AppDelegate.swift */,
				63101D57213B4CB400E33692 /* Main.storyboard */,
				63101D5A213B4CB600E33692 /* Assets.xcassets */,
				63101D5C213B4CB600E33692 /* LaunchScreen.storyboard */,
				63101D5F213B4CB600E33692 /* Info.plist */,
			);
			path = Flix;
			sourceTree = "<group>";
		};
		63101D67213B4CB600E33692 /* FlixTests */ = {
			isa = PBXGroup;
			children = (
				63101D68213B4CB600E33692 /* FlixTests.swift */,
				63101D6A213B4CB600E33692 /* Info.plist */,
			);
			path = FlixTests;
			sourceTree = "<group>";
		};
		63101D72213B4CB700E33692 /* FlixUITests */ = {
			isa = PBXGroup;
			children = (
				63101D73213B4CB700E33692 /* FlixUITests.swift */,
				63101D75213B4CB700E33692 /* Info.plist */,
			);
			path = FlixUITests;
			sourceTree = "<group>";
		};
		6315EA57216E786400883013 /* Classes */ = {
			isa = PBXGroup;
			children = (
				6315EA58216E787500883013 /* Movie.swift */,
				6315EA5A216E7AF800883013 /* MovieApiManager.swift */,
			);
			path = Classes;
			sourceTree = "<group>";
		};
		63E8776A21475ADE0068755C /* ViewControllers */ = {
			isa = PBXGroup;
			children = (
				63101D83213C635900E33692 /* NowPlayingViewController.swift */,
				63E8776C21475B2F0068755C /* DetailViewController.swift */,
				63106C592148316C000A8C02 /* SuperheroViewController.swift */,
				63E8329D21A33C2300B7C30B /* LoginViewController.swift */,
				63E832D921A7EA2600B7C30B /* FandangoViewController.swift */,
			);
			path = ViewControllers;
			sourceTree = "<group>";
		};
		63E8776B21475AEB0068755C /* Views */ = {
			isa = PBXGroup;
			children = (
				63101D85213D0D3600E33692 /* MovieCell.swift */,
				63106C5721483100000A8C02 /* PosterCell.swift */,
			);
			path = Views;
			sourceTree = "<group>";
		};
		D5BE050771E9CC4ABFEE3131 /* Pods */ = {
			isa = PBXGroup;
			children = (
				198ABED918CC643DC6C8E6D6 /* Pods-Flix.debug.xcconfig */,
				D687C5D3E1C3CBAA7693BE11 /* Pods-Flix.release.xcconfig */,
				10DAD5BC6B150FC067AA7F7A /* Pods-FlixTests.debug.xcconfig */,
				671F8FACEF0F8617F44CFAF9 /* Pods-FlixTests.release.xcconfig */,
				3C5ADB95A44690F171D6043B /* Pods-FlixUITests.debug.xcconfig */,
				130FEBA64E8C6207A0A50B8A /* Pods-FlixUITests.release.xcconfig */,
			);
			name = Pods;
			sourceTree = "<group>";
		};
/* End PBXGroup section */

/* Begin PBXNativeTarget section */
		63101D4F213B4CB400E33692 /* Flix */ = {
			isa = PBXNativeTarget;
			buildConfigurationList = 63101D78213B4CB700E33692 /* Build configuration list for PBXNativeTarget "Flix" */;
			buildPhases = (
				B077F2CFE2CF0CBBCCF70195 /* [CP] Check Pods Manifest.lock */,
				63101D4C213B4CB400E33692 /* Sources */,
				63101D4D213B4CB400E33692 /* Frameworks */,
				63101D4E213B4CB400E33692 /* Resources */,
				77A698AC7C17BB9A64068E8E /* [CP] Embed Pods Frameworks */,
			);
			buildRules = (
			);
			dependencies = (
			);
			name = Flix;
			productName = Flix;
			productReference = 63101D50213B4CB400E33692 /* Flix.app */;
			productType = "com.apple.product-type.application";
		};
		63101D63213B4CB600E33692 /* FlixTests */ = {
			isa = PBXNativeTarget;
			buildConfigurationList = 63101D7B213B4CB700E33692 /* Build configuration list for PBXNativeTarget "FlixTests" */;
			buildPhases = (
				FAA9ADF5948451EC81AC690A /* [CP] Check Pods Manifest.lock */,
				63101D60213B4CB600E33692 /* Sources */,
				63101D61213B4CB600E33692 /* Frameworks */,
				63101D62213B4CB600E33692 /* Resources */,
			);
			buildRules = (
			);
			dependencies = (
				63101D66213B4CB600E33692 /* PBXTargetDependency */,
			);
			name = FlixTests;
			productName = FlixTests;
			productReference = 63101D64213B4CB600E33692 /* FlixTests.xctest */;
			productType = "com.apple.product-type.bundle.unit-test";
		};
		63101D6E213B4CB700E33692 /* FlixUITests */ = {
			isa = PBXNativeTarget;
			buildConfigurationList = 63101D7E213B4CB700E33692 /* Build configuration list for PBXNativeTarget "FlixUITests" */;
			buildPhases = (
				319421E3C397F0B9C410A71D /* [CP] Check Pods Manifest.lock */,
				63101D6B213B4CB700E33692 /* Sources */,
				63101D6C213B4CB700E33692 /* Frameworks */,
				63101D6D213B4CB700E33692 /* Resources */,
			);
			buildRules = (
			);
			dependencies = (
				63101D71213B4CB700E33692 /* PBXTargetDependency */,
			);
			name = FlixUITests;
			productName = FlixUITests;
			productReference = 63101D6F213B4CB700E33692 /* FlixUITests.xctest */;
			productType = "com.apple.product-type.bundle.ui-testing";
		};
/* End PBXNativeTarget section */

/* Begin PBXProject section */
		63101D48213B4CB400E33692 /* Project object */ = {
			isa = PBXProject;
			attributes = {
				LastSwiftUpdateCheck = 0940;
				LastUpgradeCheck = 0940;
				ORGANIZATIONNAME = "William Nguyen";
				TargetAttributes = {
					63101D4F213B4CB400E33692 = {
						CreatedOnToolsVersion = 9.4.1;
					};
					63101D63213B4CB600E33692 = {
						CreatedOnToolsVersion = 9.4.1;
						TestTargetID = 63101D4F213B4CB400E33692;
					};
					63101D6E213B4CB700E33692 = {
						CreatedOnToolsVersion = 9.4.1;
						TestTargetID = 63101D4F213B4CB400E33692;
					};
				};
			};
			buildConfigurationList = 63101D4B213B4CB400E33692 /* Build configuration list for PBXProject "Flix" */;
			compatibilityVersion = "Xcode 9.3";
			developmentRegion = en;
			hasScannedForEncodings = 0;
			knownRegions = (
				en,
				Base,
			);
			mainGroup = 63101D47213B4CB400E33692;
			productRefGroup = 63101D51213B4CB400E33692 /* Products */;
			projectDirPath = "";
			projectRoot = "";
			targets = (
				63101D4F213B4CB400E33692 /* Flix */,
				63101D63213B4CB600E33692 /* FlixTests */,
				63101D6E213B4CB700E33692 /* FlixUITests */,
			);
		};
/* End PBXProject section */

/* Begin PBXResourcesBuildPhase section */
		63101D4E213B4CB400E33692 /* Resources */ = {
			isa = PBXResourcesBuildPhase;
			buildActionMask = 2147483647;
			files = (
				63101D5E213B4CB600E33692 /* LaunchScreen.storyboard in Resources */,
				63101D5B213B4CB600E33692 /* Assets.xcassets in Resources */,
				63101D59213B4CB400E33692 /* Main.storyboard in Resources */,
			);
			runOnlyForDeploymentPostprocessing = 0;
		};
		63101D62213B4CB600E33692 /* Resources */ = {
			isa = PBXResourcesBuildPhase;
			buildActionMask = 2147483647;
			files = (
			);
			runOnlyForDeploymentPostprocessing = 0;
		};
		63101D6D213B4CB700E33692 /* Resources */ = {
			isa = PBXResourcesBuildPhase;
			buildActionMask = 2147483647;
			files = (
			);
			runOnlyForDeploymentPostprocessing = 0;
		};
/* End PBXResourcesBuildPhase section */

/* Begin PBXShellScriptBuildPhase section */
		319421E3C397F0B9C410A71D /* [CP] Check Pods Manifest.lock */ = {
			isa = PBXShellScriptBuildPhase;
			buildActionMask = 2147483647;
			files = (
			);
			inputPaths = (
				"${PODS_PODFILE_DIR_PATH}/Podfile.lock",
				"${PODS_ROOT}/Manifest.lock",
			);
			name = "[CP] Check Pods Manifest.lock";
			outputPaths = (
				"$(DERIVED_FILE_DIR)/Pods-FlixUITests-checkManifestLockResult.txt",
			);
			runOnlyForDeploymentPostprocessing = 0;
			shellPath = /bin/sh;
			shellScript = "diff \"${PODS_PODFILE_DIR_PATH}/Podfile.lock\" \"${PODS_ROOT}/Manifest.lock\" > /dev/null\nif [ $? != 0 ] ; then\n    # print error to STDERR\n    echo \"error: The sandbox is not in sync with the Podfile.lock. Run 'pod install' or update your CocoaPods installation.\" >&2\n    exit 1\nfi\n# This output is used by Xcode 'outputs' to avoid re-running this script phase.\necho \"SUCCESS\" > \"${SCRIPT_OUTPUT_FILE_0}\"\n";
			showEnvVarsInLog = 0;
		};
		77A698AC7C17BB9A64068E8E /* [CP] Embed Pods Frameworks */ = {
			isa = PBXShellScriptBuildPhase;
			buildActionMask = 2147483647;
			files = (
			);
			inputPaths = (
				"${SRCROOT}/Pods/Target Support Files/Pods-Flix/Pods-Flix-frameworks.sh",
				"${BUILT_PRODUCTS_DIR}/Alamofire/Alamofire.framework",
				"${BUILT_PRODUCTS_DIR}/AlamofireImage/AlamofireImage.framework",
				"${BUILT_PRODUCTS_DIR}/Bolts/Bolts.framework",
				"${BUILT_PRODUCTS_DIR}/Parse/Parse.framework",
			);
			name = "[CP] Embed Pods Frameworks";
			outputPaths = (
				"${TARGET_BUILD_DIR}/${FRAMEWORKS_FOLDER_PATH}/Alamofire.framework",
				"${TARGET_BUILD_DIR}/${FRAMEWORKS_FOLDER_PATH}/AlamofireImage.framework",
				"${TARGET_BUILD_DIR}/${FRAMEWORKS_FOLDER_PATH}/Bolts.framework",
				"${TARGET_BUILD_DIR}/${FRAMEWORKS_FOLDER_PATH}/Parse.framework",
			);
			runOnlyForDeploymentPostprocessing = 0;
			shellPath = /bin/sh;
			shellScript = "\"${SRCROOT}/Pods/Target Support Files/Pods-Flix/Pods-Flix-frameworks.sh\"\n";
			showEnvVarsInLog = 0;
		};
		B077F2CFE2CF0CBBCCF70195 /* [CP] Check Pods Manifest.lock */ = {
			isa = PBXShellScriptBuildPhase;
			buildActionMask = 2147483647;
			files = (
			);
			inputPaths = (
				"${PODS_PODFILE_DIR_PATH}/Podfile.lock",
				"${PODS_ROOT}/Manifest.lock",
			);
			name = "[CP] Check Pods Manifest.lock";
			outputPaths = (
				"$(DERIVED_FILE_DIR)/Pods-Flix-checkManifestLockResult.txt",
			);
			runOnlyForDeploymentPostprocessing = 0;
			shellPath = /bin/sh;
			shellScript = "diff \"${PODS_PODFILE_DIR_PATH}/Podfile.lock\" \"${PODS_ROOT}/Manifest.lock\" > /dev/null\nif [ $? != 0 ] ; then\n    # print error to STDERR\n    echo \"error: The sandbox is not in sync with the Podfile.lock. Run 'pod install' or update your CocoaPods installation.\" >&2\n    exit 1\nfi\n# This output is used by Xcode 'outputs' to avoid re-running this script phase.\necho \"SUCCESS\" > \"${SCRIPT_OUTPUT_FILE_0}\"\n";
			showEnvVarsInLog = 0;
		};
		FAA9ADF5948451EC81AC690A /* [CP] Check Pods Manifest.lock */ = {
			isa = PBXShellScriptBuildPhase;
			buildActionMask = 2147483647;
			files = (
			);
			inputPaths = (
				"${PODS_PODFILE_DIR_PATH}/Podfile.lock",
				"${PODS_ROOT}/Manifest.lock",
			);
			name = "[CP] Check Pods Manifest.lock";
			outputPaths = (
				"$(DERIVED_FILE_DIR)/Pods-FlixTests-checkManifestLockResult.txt",
			);
			runOnlyForDeploymentPostprocessing = 0;
			shellPath = /bin/sh;
			shellScript = "diff \"${PODS_PODFILE_DIR_PATH}/Podfile.lock\" \"${PODS_ROOT}/Manifest.lock\" > /dev/null\nif [ $? != 0 ] ; then\n    # print error to STDERR\n    echo \"error: The sandbox is not in sync with the Podfile.lock. Run 'pod install' or update your CocoaPods installation.\" >&2\n    exit 1\nfi\n# This output is used by Xcode 'outputs' to avoid re-running this script phase.\necho \"SUCCESS\" > \"${SCRIPT_OUTPUT_FILE_0}\"\n";
			showEnvVarsInLog = 0;
		};
/* End PBXShellScriptBuildPhase section */

/* Begin PBXSourcesBuildPhase section */
		63101D4C213B4CB400E33692 /* Sources */ = {
			isa = PBXSourcesBuildPhase;
			buildActionMask = 2147483647;
			files = (
				63E8329E21A33C2300B7C30B /* LoginViewController.swift in Sources */,
				6315EA59216E787500883013 /* Movie.swift in Sources */,
				63101D84213C635900E33692 /* NowPlayingViewController.swift in Sources */,
				63106C5821483100000A8C02 /* PosterCell.swift in Sources */,
				63106C5A2148316C000A8C02 /* SuperheroViewController.swift in Sources */,
				63101D54213B4CB400E33692 /* AppDelegate.swift in Sources */,
				63E832DA21A7EA2600B7C30B /* FandangoViewController.swift in Sources */,
				6315EA5B216E7AF800883013 /* MovieApiManager.swift in Sources */,
				63101D86213D0D3600E33692 /* MovieCell.swift in Sources */,
				63E8776D21475B2F0068755C /* DetailViewController.swift in Sources */,
			);
			runOnlyForDeploymentPostprocessing = 0;
		};
		63101D60213B4CB600E33692 /* Sources */ = {
			isa = PBXSourcesBuildPhase;
			buildActionMask = 2147483647;
			files = (
				63101D69213B4CB600E33692 /* FlixTests.swift in Sources */,
			);
			runOnlyForDeploymentPostprocessing = 0;
		};
		63101D6B213B4CB700E33692 /* Sources */ = {
			isa = PBXSourcesBuildPhase;
			buildActionMask = 2147483647;
			files = (
				63101D74213B4CB700E33692 /* FlixUITests.swift in Sources */,
			);
			runOnlyForDeploymentPostprocessing = 0;
		};
/* End PBXSourcesBuildPhase section */

/* Begin PBXTargetDependency section */
		63101D66213B4CB600E33692 /* PBXTargetDependency */ = {
			isa = PBXTargetDependency;
			target = 63101D4F213B4CB400E33692 /* Flix */;
			targetProxy = 63101D65213B4CB600E33692 /* PBXContainerItemProxy */;
		};
		63101D71213B4CB700E33692 /* PBXTargetDependency */ = {
			isa = PBXTargetDependency;
			target = 63101D4F213B4CB400E33692 /* Flix */;
			targetProxy = 63101D70213B4CB700E33692 /* PBXContainerItemProxy */;
		};
/* End PBXTargetDependency section */

/* Begin PBXVariantGroup section */
		63101D57213B4CB400E33692 /* Main.storyboard */ = {
			isa = PBXVariantGroup;
			children = (
				63101D58213B4CB400E33692 /* Base */,
			);
			name = Main.storyboard;
			sourceTree = "<group>";
		};
		63101D5C213B4CB600E33692 /* LaunchScreen.storyboard */ = {
			isa = PBXVariantGroup;
			children = (
				63101D5D213B4CB600E33692 /* Base */,
			);
			name = LaunchScreen.storyboard;
			sourceTree = "<group>";
		};
/* End PBXVariantGroup section */

/* Begin XCBuildConfiguration section */
		63101D76213B4CB700E33692 /* Debug */ = {
			isa = XCBuildConfiguration;
			buildSettings = {
				ALWAYS_SEARCH_USER_PATHS = NO;
				CLANG_ANALYZER_NONNULL = YES;
				CLANG_ANALYZER_NUMBER_OBJECT_CONVERSION = YES_AGGRESSIVE;
				CLANG_CXX_LANGUAGE_STANDARD = "gnu++14";
				CLANG_CXX_LIBRARY = "libc++";
				CLANG_ENABLE_MODULES = YES;
				CLANG_ENABLE_OBJC_ARC = YES;
				CLANG_ENABLE_OBJC_WEAK = YES;
				CLANG_WARN_BLOCK_CAPTURE_AUTORELEASING = YES;
				CLANG_WARN_BOOL_CONVERSION = YES;
				CLANG_WARN_COMMA = YES;
				CLANG_WARN_CONSTANT_CONVERSION = YES;
				CLANG_WARN_DEPRECATED_OBJC_IMPLEMENTATIONS = YES;
				CLANG_WARN_DIRECT_OBJC_ISA_USAGE = YES_ERROR;
				CLANG_WARN_DOCUMENTATION_COMMENTS = YES;
				CLANG_WARN_EMPTY_BODY = YES;
				CLANG_WARN_ENUM_CONVERSION = YES;
				CLANG_WARN_INFINITE_RECURSION = YES;
				CLANG_WARN_INT_CONVERSION = YES;
				CLANG_WARN_NON_LITERAL_NULL_CONVERSION = YES;
				CLANG_WARN_OBJC_IMPLICIT_RETAIN_SELF = YES;
				CLANG_WARN_OBJC_LITERAL_CONVERSION = YES;
				CLANG_WARN_OBJC_ROOT_CLASS = YES_ERROR;
				CLANG_WARN_RANGE_LOOP_ANALYSIS = YES;
				CLANG_WARN_STRICT_PROTOTYPES = YES;
				CLANG_WARN_SUSPICIOUS_MOVE = YES;
				CLANG_WARN_UNGUARDED_AVAILABILITY = YES_AGGRESSIVE;
				CLANG_WARN_UNREACHABLE_CODE = YES;
				CLANG_WARN__DUPLICATE_METHOD_MATCH = YES;
				CODE_SIGN_IDENTITY = "iPhone Developer";
				COPY_PHASE_STRIP = NO;
				DEBUG_INFORMATION_FORMAT = dwarf;
				ENABLE_STRICT_OBJC_MSGSEND = YES;
				ENABLE_TESTABILITY = YES;
				GCC_C_LANGUAGE_STANDARD = gnu11;
				GCC_DYNAMIC_NO_PIC = NO;
				GCC_NO_COMMON_BLOCKS = YES;
				GCC_OPTIMIZATION_LEVEL = 0;
				GCC_PREPROCESSOR_DEFINITIONS = (
					"DEBUG=1",
					"$(inherited)",
				);
				GCC_WARN_64_TO_32_BIT_CONVERSION = YES;
				GCC_WARN_ABOUT_RETURN_TYPE = YES_ERROR;
				GCC_WARN_UNDECLARED_SELECTOR = YES;
				GCC_WARN_UNINITIALIZED_AUTOS = YES_AGGRESSIVE;
				GCC_WARN_UNUSED_FUNCTION = YES;
				GCC_WARN_UNUSED_VARIABLE = YES;
				IPHONEOS_DEPLOYMENT_TARGET = 11.4;
				MTL_ENABLE_DEBUG_INFO = YES;
				ONLY_ACTIVE_ARCH = YES;
				SDKROOT = iphoneos;
				SWIFT_ACTIVE_COMPILATION_CONDITIONS = DEBUG;
				SWIFT_OPTIMIZATION_LEVEL = "-Onone";
			};
			name = Debug;
		};
		63101D77213B4CB700E33692 /* Release */ = {
			isa = XCBuildConfiguration;
			buildSettings = {
				ALWAYS_SEARCH_USER_PATHS = NO;
				CLANG_ANALYZER_NONNULL = YES;
				CLANG_ANALYZER_NUMBER_OBJECT_CONVERSION = YES_AGGRESSIVE;
				CLANG_CXX_LANGUAGE_STANDARD = "gnu++14";
				CLANG_CXX_LIBRARY = "libc++";
				CLANG_ENABLE_MODULES = YES;
				CLANG_ENABLE_OBJC_ARC = YES;
				CLANG_ENABLE_OBJC_WEAK = YES;
				CLANG_WARN_BLOCK_CAPTURE_AUTORELEASING = YES;
				CLANG_WARN_BOOL_CONVERSION = YES;
				CLANG_WARN_COMMA = YES;
				CLANG_WARN_CONSTANT_CONVERSION = YES;
				CLANG_WARN_DEPRECATED_OBJC_IMPLEMENTATIONS = YES;
				CLANG_WARN_DIRECT_OBJC_ISA_USAGE = YES_ERROR;
				CLANG_WARN_DOCUMENTATION_COMMENTS = YES;
				CLANG_WARN_EMPTY_BODY = YES;
				CLANG_WARN_ENUM_CONVERSION = YES;
				CLANG_WARN_INFINITE_RECURSION = YES;
				CLANG_WARN_INT_CONVERSION = YES;
				CLANG_WARN_NON_LITERAL_NULL_CONVERSION = YES;
				CLANG_WARN_OBJC_IMPLICIT_RETAIN_SELF = YES;
				CLANG_WARN_OBJC_LITERAL_CONVERSION = YES;
				CLANG_WARN_OBJC_ROOT_CLASS = YES_ERROR;
				CLANG_WARN_RANGE_LOOP_ANALYSIS = YES;
				CLANG_WARN_STRICT_PROTOTYPES = YES;
				CLANG_WARN_SUSPICIOUS_MOVE = YES;
				CLANG_WARN_UNGUARDED_AVAILABILITY = YES_AGGRESSIVE;
				CLANG_WARN_UNREACHABLE_CODE = YES;
				CLANG_WARN__DUPLICATE_METHOD_MATCH = YES;
				CODE_SIGN_IDENTITY = "iPhone Developer";
				COPY_PHASE_STRIP = NO;
				DEBUG_INFORMATION_FORMAT = "dwarf-with-dsym";
				ENABLE_NS_ASSERTIONS = NO;
				ENABLE_STRICT_OBJC_MSGSEND = YES;
				GCC_C_LANGUAGE_STANDARD = gnu11;
				GCC_NO_COMMON_BLOCKS = YES;
				GCC_WARN_64_TO_32_BIT_CONVERSION = YES;
				GCC_WARN_ABOUT_RETURN_TYPE = YES_ERROR;
				GCC_WARN_UNDECLARED_SELECTOR = YES;
				GCC_WARN_UNINITIALIZED_AUTOS = YES_AGGRESSIVE;
				GCC_WARN_UNUSED_FUNCTION = YES;
				GCC_WARN_UNUSED_VARIABLE = YES;
				IPHONEOS_DEPLOYMENT_TARGET = 11.4;
				MTL_ENABLE_DEBUG_INFO = NO;
				SDKROOT = iphoneos;
				SWIFT_COMPILATION_MODE = wholemodule;
				SWIFT_OPTIMIZATION_LEVEL = "-O";
				VALIDATE_PRODUCT = YES;
			};
			name = Release;
		};
		63101D79213B4CB700E33692 /* Debug */ = {
			isa = XCBuildConfiguration;
			baseConfigurationReference = 198ABED918CC643DC6C8E6D6 /* Pods-Flix.debug.xcconfig */;
			buildSettings = {
				ASSETCATALOG_COMPILER_APPICON_NAME = AppIcon;
				CODE_SIGN_STYLE = Automatic;
				INFOPLIST_FILE = Flix/Info.plist;
				LD_RUNPATH_SEARCH_PATHS = (
					"$(inherited)",
					"@executable_path/Frameworks",
				);
				PRODUCT_BUNDLE_IDENTIFIER = com.hairbendre.Flix;
				PRODUCT_NAME = "$(TARGET_NAME)";
				SWIFT_VERSION = 4.0;
				TARGETED_DEVICE_FAMILY = "1,2";
			};
			name = Debug;
		};
		63101D7A213B4CB700E33692 /* Release */ = {
			isa = XCBuildConfiguration;
			baseConfigurationReference = D687C5D3E1C3CBAA7693BE11 /* Pods-Flix.release.xcconfig */;
			buildSettings = {
				ASSETCATALOG_COMPILER_APPICON_NAME = AppIcon;
				CODE_SIGN_STYLE = Automatic;
				INFOPLIST_FILE = Flix/Info.plist;
				LD_RUNPATH_SEARCH_PATHS = (
					"$(inherited)",
					"@executable_path/Frameworks",
				);
				PRODUCT_BUNDLE_IDENTIFIER = com.hairbendre.Flix;
				PRODUCT_NAME = "$(TARGET_NAME)";
				SWIFT_VERSION = 4.0;
				TARGETED_DEVICE_FAMILY = "1,2";
			};
			name = Release;
		};
		63101D7C213B4CB700E33692 /* Debug */ = {
			isa = XCBuildConfiguration;
			baseConfigurationReference = 10DAD5BC6B150FC067AA7F7A /* Pods-FlixTests.debug.xcconfig */;
			buildSettings = {
				ALWAYS_EMBED_SWIFT_STANDARD_LIBRARIES = YES;
				BUNDLE_LOADER = "$(TEST_HOST)";
				CODE_SIGN_STYLE = Automatic;
				INFOPLIST_FILE = FlixTests/Info.plist;
				LD_RUNPATH_SEARCH_PATHS = (
					"$(inherited)",
					"@executable_path/Frameworks",
					"@loader_path/Frameworks",
				);
				PRODUCT_BUNDLE_IDENTIFIER = com.hairbendre.FlixTests;
				PRODUCT_NAME = "$(TARGET_NAME)";
				SWIFT_VERSION = 4.0;
				TARGETED_DEVICE_FAMILY = "1,2";
				TEST_HOST = "$(BUILT_PRODUCTS_DIR)/Flix.app/Flix";
			};
			name = Debug;
		};
		63101D7D213B4CB700E33692 /* Release */ = {
			isa = XCBuildConfiguration;
			baseConfigurationReference = 671F8FACEF0F8617F44CFAF9 /* Pods-FlixTests.release.xcconfig */;
			buildSettings = {
				ALWAYS_EMBED_SWIFT_STANDARD_LIBRARIES = YES;
				BUNDLE_LOADER = "$(TEST_HOST)";
				CODE_SIGN_STYLE = Automatic;
				INFOPLIST_FILE = FlixTests/Info.plist;
				LD_RUNPATH_SEARCH_PATHS = (
					"$(inherited)",
					"@executable_path/Frameworks",
					"@loader_path/Frameworks",
				);
				PRODUCT_BUNDLE_IDENTIFIER = com.hairbendre.FlixTests;
				PRODUCT_NAME = "$(TARGET_NAME)";
				SWIFT_VERSION = 4.0;
				TARGETED_DEVICE_FAMILY = "1,2";
				TEST_HOST = "$(BUILT_PRODUCTS_DIR)/Flix.app/Flix";
			};
			name = Release;
		};
		63101D7F213B4CB700E33692 /* Debug */ = {
			isa = XCBuildConfiguration;
			baseConfigurationReference = 3C5ADB95A44690F171D6043B /* Pods-FlixUITests.debug.xcconfig */;
			buildSettings = {
				ALWAYS_EMBED_SWIFT_STANDARD_LIBRARIES = YES;
				CODE_SIGN_STYLE = Automatic;
				INFOPLIST_FILE = FlixUITests/Info.plist;
				LD_RUNPATH_SEARCH_PATHS = (
					"$(inherited)",
					"@executable_path/Frameworks",
					"@loader_path/Frameworks",
				);
				PRODUCT_BUNDLE_IDENTIFIER = com.hairbendre.FlixUITests;
				PRODUCT_NAME = "$(TARGET_NAME)";
				SWIFT_VERSION = 4.0;
				TARGETED_DEVICE_FAMILY = "1,2";
				TEST_TARGET_NAME = Flix;
			};
			name = Debug;
		};
		63101D80213B4CB700E33692 /* Release */ = {
			isa = XCBuildConfiguration;
			baseConfigurationReference = 130FEBA64E8C6207A0A50B8A /* Pods-FlixUITests.release.xcconfig */;
			buildSettings = {
				ALWAYS_EMBED_SWIFT_STANDARD_LIBRARIES = YES;
				CODE_SIGN_STYLE = Automatic;
				INFOPLIST_FILE = FlixUITests/Info.plist;
				LD_RUNPATH_SEARCH_PATHS = (
					"$(inherited)",
					"@executable_path/Frameworks",
					"@loader_path/Frameworks",
				);
				PRODUCT_BUNDLE_IDENTIFIER = com.hairbendre.FlixUITests;
				PRODUCT_NAME = "$(TARGET_NAME)";
				SWIFT_VERSION = 4.0;
				TARGETED_DEVICE_FAMILY = "1,2";
				TEST_TARGET_NAME = Flix;
			};
			name = Release;
		};
/* End XCBuildConfiguration section */

/* Begin XCConfigurationList section */
		63101D4B213B4CB400E33692 /* Build configuration list for PBXProject "Flix" */ = {
			isa = XCConfigurationList;
			buildConfigurations = (
				63101D76213B4CB700E33692 /* Debug */,
				63101D77213B4CB700E33692 /* Release */,
			);
			defaultConfigurationIsVisible = 0;
			defaultConfigurationName = Release;
		};
		63101D78213B4CB700E33692 /* Build configuration list for PBXNativeTarget "Flix" */ = {
			isa = XCConfigurationList;
			buildConfigurations = (
				63101D79213B4CB700E33692 /* Debug */,
				63101D7A213B4CB700E33692 /* Release */,
			);
			defaultConfigurationIsVisible = 0;
			defaultConfigurationName = Release;
		};
		63101D7B213B4CB700E33692 /* Build configuration list for PBXNativeTarget "FlixTests" */ = {
			isa = XCConfigurationList;
			buildConfigurations = (
				63101D7C213B4CB700E33692 /* Debug */,
				63101D7D213B4CB700E33692 /* Release */,
			);
			defaultConfigurationIsVisible = 0;
			defaultConfigurationName = Release;
		};
		63101D7E213B4CB700E33692 /* Build configuration list for PBXNativeTarget "FlixUITests" */ = {
			isa = XCConfigurationList;
			buildConfigurations = (
				63101D7F213B4CB700E33692 /* Debug */,
				63101D80213B4CB700E33692 /* Release */,
			);
			defaultConfigurationIsVisible = 0;
			defaultConfigurationName = Release;
		};
/* End XCConfigurationList section */
	};
	rootObject = 63101D48213B4CB400E33692 /* Project object */;
}
